
Microsoft Visual Studio Solution File, Format Version 12.00
# Visual Studio Version 17
VisualStudioVersion = 17.5.002.0
MinimumVisualStudioVersion = 10.0.40219.1
Project("{9A19103F-16F7-4668-BE54-9A1E7A4F7556}") = "FileUploader", "FileUploader.csproj", "{E8DCDD13-521C-4E17-8605-57275CF57322}"
EndProject
Global
	GlobalSection(SolutionConfigurationPlatforms) = preSolution
		Debug|Any CPU = Debug|Any CPU
		Release|Any CPU = Release|Any CPU
	EndGlobalSection
	GlobalSection(ProjectConfigurationPlatforms) = postSolution
		{E8DCDD13-521C-4E17-8605-57275CF57322}.Debug|Any CPU.ActiveCfg = Debug|Any CPU
		{E8DCDD13-521C-4E17-8605-57275CF57322}.Debug|Any CPU.Build.0 = Debug|Any CPU
		{E8DCDD13-521C-4E17-8605-57275CF57322}.Release|Any CPU.ActiveCfg = Release|Any CPU
		{E8DCDD13-521C-4E17-8605-57275CF57322}.Release|Any CPU.Build.0 = Release|Any CPU
	EndGlobalSection
	GlobalSection(SolutionProperties) = preSolution
		HideSolutionNode = FALSE
	EndGlobalSection
	GlobalSection(ExtensibilityGlobals) = postSolution
		SolutionGuid = {06CF1612-604A-4798-9D48-C512D331E2B2}
	EndGlobalSection
EndGlobal
